// !$*UTF8*$!
{
	archiveVersion = 1;
	classes = {
	};
	objectVersion = 50;
	objects = {

/* Begin PBXBuildFile section */
		8C155C1823EC6F4F00404AAE /* AppDelegate.swift in Sources */ = {isa = PBXBuildFile; fileRef = 8C155C1723EC6F4F00404AAE /* AppDelegate.swift */; };
		8C155C1A23EC6F4F00404AAE /* ViewController.swift in Sources */ = {isa = PBXBuildFile; fileRef = 8C155C1923EC6F4F00404AAE /* ViewController.swift */; };
		8C155C1D23EC6F4F00404AAE /* Main.storyboard in Resources */ = {isa = PBXBuildFile; fileRef = 8C155C1B23EC6F4F00404AAE /* Main.storyboard */; };
		8C155C2023EC6F4F00404AAE /* NIBM_Events.xcdatamodeld in Sources */ = {isa = PBXBuildFile; fileRef = 8C155C1E23EC6F4F00404AAE /* NIBM_Events.xcdatamodeld */; };
		8C155C2223EC6F5100404AAE /* Assets.xcassets in Resources */ = {isa = PBXBuildFile; fileRef = 8C155C2123EC6F5100404AAE /* Assets.xcassets */; };
		8C155C2523EC6F5100404AAE /* LaunchScreen.storyboard in Resources */ = {isa = PBXBuildFile; fileRef = 8C155C2323EC6F5100404AAE /* LaunchScreen.storyboard */; };
		8C155C3023EC6F5100404AAE /* NIBM_EventsTests.swift in Sources */ = {isa = PBXBuildFile; fileRef = 8C155C2F23EC6F5100404AAE /* NIBM_EventsTests.swift */; };
		8C155C3B23EC6F5100404AAE /* NIBM_EventsUITests.swift in Sources */ = {isa = PBXBuildFile; fileRef = 8C155C3A23EC6F5100404AAE /* NIBM_EventsUITests.swift */; };
		8C155C4923ECA41C00404AAE /* CollectionViewCell.swift in Sources */ = {isa = PBXBuildFile; fileRef = 8C155C4823ECA41C00404AAE /* CollectionViewCell.swift */; };
/* End PBXBuildFile section */

/* Begin PBXContainerItemProxy section */
		8C155C2C23EC6F5100404AAE /* PBXContainerItemProxy */ = {
			isa = PBXContainerItemProxy;
			containerPortal = 8C155C0C23EC6F4F00404AAE /* Project object */;
			proxyType = 1;
			remoteGlobalIDString = 8C155C1323EC6F4F00404AAE;
			remoteInfo = "NIBM Events";
		};
		8C155C3723EC6F5100404AAE /* PBXContainerItemProxy */ = {
			isa = PBXContainerItemProxy;
			containerPortal = 8C155C0C23EC6F4F00404AAE /* Project object */;
			proxyType = 1;
			remoteGlobalIDString = 8C155C1323EC6F4F00404AAE;
			remoteInfo = "NIBM Events";
		};
/* End PBXContainerItemProxy section */

/* Begin PBXFileReference section */
		8C155C1423EC6F4F00404AAE /* NIBM Events.app */ = {isa = PBXFileReference; explicitFileType = wrapper.application; includeInIndex = 0; path = "NIBM Events.app"; sourceTree = BUILT_PRODUCTS_DIR; };
		8C155C1723EC6F4F00404AAE /* AppDelegate.swift */ = {isa = PBXFileReference; lastKnownFileType = sourcecode.swift; path = AppDelegate.swift; sourceTree = "<group>"; };
		8C155C1923EC6F4F00404AAE /* ViewController.swift */ = {isa = PBXFileReference; lastKnownFileType = sourcecode.swift; path = ViewController.swift; sourceTree = "<group>"; };
		8C155C1C23EC6F4F00404AAE /* Base */ = {isa = PBXFileReference; lastKnownFileType = file.storyboard; name = Base; path = Base.lproj/Main.storyboard; sourceTree = "<group>"; };
		8C155C1F23EC6F4F00404AAE /* NIBM_Events.xcdatamodel */ = {isa = PBXFileReference; lastKnownFileType = wrapper.xcdatamodel; path = NIBM_Events.xcdatamodel; sourceTree = "<group>"; };
		8C155C2123EC6F5100404AAE /* Assets.xcassets */ = {isa = PBXFileReference; lastKnownFileType = folder.assetcatalog; path = Assets.xcassets; sourceTree = "<group>"; };
		8C155C2423EC6F5100404AAE /* Base */ = {isa = PBXFileReference; lastKnownFileType = file.storyboard; name = Base; path = Base.lproj/LaunchScreen.storyboard; sourceTree = "<group>"; };
		8C155C2623EC6F5100404AAE /* Info.plist */ = {isa = PBXFileReference; lastKnownFileType = text.plist.xml; path = Info.plist; sourceTree = "<group>"; };
		8C155C2B23EC6F5100404AAE /* NIBM EventsTests.xctest */ = {isa = PBXFileReference; explicitFileType = wrapper.cfbundle; includeInIndex = 0; path = "NIBM EventsTests.xctest"; sourceTree = BUILT_PRODUCTS_DIR; };
		8C155C2F23EC6F5100404AAE /* NIBM_EventsTests.swift */ = {isa = PBXFileReference; lastKnownFileType = sourcecode.swift; path = NIBM_EventsTests.swift; sourceTree = "<group>"; };
		8C155C3123EC6F5100404AAE /* Info.plist */ = {isa = PBXFileReference; lastKnownFileType = text.plist.xml; path = Info.plist; sourceTree = "<group>"; };
		8C155C3623EC6F5100404AAE /* NIBM EventsUITests.xctest */ = {isa = PBXFileReference; explicitFileType = wrapper.cfbundle; includeInIndex = 0; path = "NIBM EventsUITests.xctest"; sourceTree = BUILT_PRODUCTS_DIR; };
		8C155C3A23EC6F5100404AAE /* NIBM_EventsUITests.swift */ = {isa = PBXFileReference; lastKnownFileType = sourcecode.swift; path = NIBM_EventsUITests.swift; sourceTree = "<group>"; };
		8C155C3C23EC6F5100404AAE /* Info.plist */ = {isa = PBXFileReference; lastKnownFileType = text.plist.xml; path = Info.plist; sourceTree = "<group>"; };
		8C155C4823ECA41C00404AAE /* CollectionViewCell.swift */ = {isa = PBXFileReference; lastKnownFileType = sourcecode.swift; path = CollectionViewCell.swift; sourceTree = "<group>"; };
/* End PBXFileReference section */

/* Begin PBXFrameworksBuildPhase section */
		8C155C1123EC6F4F00404AAE /* Frameworks */ = {
			isa = PBXFrameworksBuildPhase;
			buildActionMask = 2147483647;
			files = (
			);
			runOnlyForDeploymentPostprocessing = 0;
		};
		8C155C2823EC6F5100404AAE /* Frameworks */ = {
			isa = PBXFrameworksBuildPhase;
			buildActionMask = 2147483647;
			files = (
			);
			runOnlyForDeploymentPostprocessing = 0;
		};
		8C155C3323EC6F5100404AAE /* Frameworks */ = {
			isa = PBXFrameworksBuildPhase;
			buildActionMask = 2147483647;
			files = (
			);
			runOnlyForDeploymentPostprocessing = 0;
		};
/* End PBXFrameworksBuildPhase section */

/* Begin PBXGroup section */
		8C155C0B23EC6F4F00404AAE = {
			isa = PBXGroup;
			children = (
				8C155C1623EC6F4F00404AAE /* NIBM Events */,
				8C155C2E23EC6F5100404AAE /* NIBM EventsTests */,
				8C155C3923EC6F5100404AAE /* NIBM EventsUITests */,
				8C155C1523EC6F4F00404AAE /* Products */,
			);
			sourceTree = "<group>";
		};
		8C155C1523EC6F4F00404AAE /* Products */ = {
			isa = PBXGroup;
			children = (
				8C155C1423EC6F4F00404AAE /* NIBM Events.app */,
				8C155C2B23EC6F5100404AAE /* NIBM EventsTests.xctest */,
				8C155C3623EC6F5100404AAE /* NIBM EventsUITests.xctest */,
			);
			name = Products;
			sourceTree = "<group>";
		};
		8C155C1623EC6F4F00404AAE /* NIBM Events */ = {
			isa = PBXGroup;
			children = (
				8C155C1723EC6F4F00404AAE /* AppDelegate.swift */,
				8C155C1923EC6F4F00404AAE /* ViewController.swift */,
				8C155C4823ECA41C00404AAE /* CollectionViewCell.swift */,
				8C155C1B23EC6F4F00404AAE /* Main.storyboard */,
				8C155C2123EC6F5100404AAE /* Assets.xcassets */,
				8C155C2323EC6F5100404AAE /* LaunchScreen.storyboard */,
				8C155C2623EC6F5100404AAE /* Info.plist */,
				8C155C1E23EC6F4F00404AAE /* NIBM_Events.xcdatamodeld */,
			);
			path = "NIBM Events";
			sourceTree = "<group>";
		};
		8C155C2E23EC6F5100404AAE /* NIBM EventsTests */ = {
			isa = PBXGroup;
			children = (
				8C155C2F23EC6F5100404AAE /* NIBM_EventsTests.swift */,
				8C155C3123EC6F5100404AAE /* Info.plist */,
			);
			path = "NIBM EventsTests";
			sourceTree = "<group>";
		};
		8C155C3923EC6F5100404AAE /* NIBM EventsUITests */ = {
			isa = PBXGroup;
			children = (
				8C155C3A23EC6F5100404AAE /* NIBM_EventsUITests.swift */,
				8C155C3C23EC6F5100404AAE /* Info.plist */,
			);
			path = "NIBM EventsUITests";
			sourceTree = "<group>";
		};
/* End PBXGroup section */

/* Begin PBXNativeTarget section */
		8C155C1323EC6F4F00404AAE /* NIBM Events */ = {
			isa = PBXNativeTarget;
			buildConfigurationList = 8C155C3F23EC6F5100404AAE /* Build configuration list for PBXNativeTarget "NIBM Events" */;
			buildPhases = (
				8C155C1023EC6F4F00404AAE /* Sources */,
				8C155C1123EC6F4F00404AAE /* Frameworks */,
				8C155C1223EC6F4F00404AAE /* Resources */,
			);
			buildRules = (
			);
			dependencies = (
			);
			name = "NIBM Events";
			productName = "NIBM Events";
			productReference = 8C155C1423EC6F4F00404AAE /* NIBM Events.app */;
			productType = "com.apple.product-type.application";
		};
		8C155C2A23EC6F5100404AAE /* NIBM EventsTests */ = {
			isa = PBXNativeTarget;
			buildConfigurationList = 8C155C4223EC6F5100404AAE /* Build configuration list for PBXNativeTarget "NIBM EventsTests" */;
			buildPhases = (
				8C155C2723EC6F5100404AAE /* Sources */,
				8C155C2823EC6F5100404AAE /* Frameworks */,
				8C155C2923EC6F5100404AAE /* Resources */,
			);
			buildRules = (
			);
			dependencies = (
				8C155C2D23EC6F5100404AAE /* PBXTargetDependency */,
			);
			name = "NIBM EventsTests";
			productName = "NIBM EventsTests";
			productReference = 8C155C2B23EC6F5100404AAE /* NIBM EventsTests.xctest */;
			productType = "com.apple.product-type.bundle.unit-test";
		};
		8C155C3523EC6F5100404AAE /* NIBM EventsUITests */ = {
			isa = PBXNativeTarget;
			buildConfigurationList = 8C155C4523EC6F5100404AAE /* Build configuration list for PBXNativeTarget "NIBM EventsUITests" */;
			buildPhases = (
				8C155C3223EC6F5100404AAE /* Sources */,
				8C155C3323EC6F5100404AAE /* Frameworks */,
				8C155C3423EC6F5100404AAE /* Resources */,
			);
			buildRules = (
			);
			dependencies = (
				8C155C3823EC6F5100404AAE /* PBXTargetDependency */,
			);
			name = "NIBM EventsUITests";
			productName = "NIBM EventsUITests";
			productReference = 8C155C3623EC6F5100404AAE /* NIBM EventsUITests.xctest */;
			productType = "com.apple.product-type.bundle.ui-testing";
		};
/* End PBXNativeTarget section */

/* Begin PBXProject section */
		8C155C0C23EC6F4F00404AAE /* Project object */ = {
			isa = PBXProject;
			attributes = {
				LastSwiftUpdateCheck = 1030;
				LastUpgradeCheck = 1030;
				ORGANIZATIONNAME = "Gayani Madhushika";
				TargetAttributes = {
					8C155C1323EC6F4F00404AAE = {
						CreatedOnToolsVersion = 10.3;
					};
					8C155C2A23EC6F5100404AAE = {
						CreatedOnToolsVersion = 10.3;
						TestTargetID = 8C155C1323EC6F4F00404AAE;
					};
					8C155C3523EC6F5100404AAE = {
						CreatedOnToolsVersion = 10.3;
						TestTargetID = 8C155C1323EC6F4F00404AAE;
					};
				};
			};
			buildConfigurationList = 8C155C0F23EC6F4F00404AAE /* Build configuration list for PBXProject "NIBM Events" */;
			compatibilityVersion = "Xcode 9.3";
			developmentRegion = en;
			hasScannedForEncodings = 0;
			knownRegions = (
				en,
				Base,
			);
			mainGroup = 8C155C0B23EC6F4F00404AAE;
			productRefGroup = 8C155C1523EC6F4F00404AAE /* Products */;
			projectDirPath = "";
			projectRoot = "";
			targets = (
				8C155C1323EC6F4F00404AAE /* NIBM Events */,
				8C155C2A23EC6F5100404AAE /* NIBM EventsTests */,
				8C155C3523EC6F5100404AAE /* NIBM EventsUITests */,
			);
		};
/* End PBXProject section */

/* Begin PBXResourcesBuildPhase section */
		8C155C1223EC6F4F00404AAE /* Resources */ = {
			isa = PBXResourcesBuildPhase;
			buildActionMask = 2147483647;
			files = (
				8C155C2523EC6F5100404AAE /* LaunchScreen.storyboard in Resources */,
				8C155C2223EC6F5100404AAE /* Assets.xcassets in Resources */,
				8C155C1D23EC6F4F00404AAE /* Main.storyboard in Resources */,
			);
			runOnlyForDeploymentPostprocessing = 0;
		};
		8C155C2923EC6F5100404AAE /* Resources */ = {
			isa = PBXResourcesBuildPhase;
			buildActionMask = 2147483647;
			files = (
			);
			runOnlyForDeploymentPostprocessing = 0;
		};
		8C155C3423EC6F5100404AAE /* Resources */ = {
			isa = PBXResourcesBuildPhase;
			buildActionMask = 2147483647;
			files = (
			);
			runOnlyForDeploymentPostprocessing = 0;
		};
/* End PBXResourcesBuildPhase section */

/* Begin PBXSourcesBuildPhase section */
		8C155C1023EC6F4F00404AAE /* Sources */ = {
			isa = PBXSourcesBuildPhase;
			buildActionMask = 2147483647;
			files = (
				8C155C1A23EC6F4F00404AAE /* ViewController.swift in Sources */,
				8C155C1823EC6F4F00404AAE /* AppDelegate.swift in Sources */,
				8C155C4923ECA41C00404AAE /* CollectionViewCell.swift in Sources */,
				8C155C2023EC6F4F00404AAE /* NIBM_Events.xcdatamodeld in Sources */,
			);
			runOnlyForDeploymentPostprocessing = 0;
		};
		8C155C2723EC6F5100404AAE /* Sources */ = {
			isa = PBXSourcesBuildPhase;
			buildActionMask = 2147483647;
			files = (
				8C155C3023EC6F5100404AAE /* NIBM_EventsTests.swift in Sources */,
			);
			runOnlyForDeploymentPostprocessing = 0;
		};
		8C155C3223EC6F5100404AAE /* Sources */ = {
			isa = PBXSourcesBuildPhase;
			buildActionMask = 2147483647;
			files = (
				8C155C3B23EC6F5100404AAE /* NIBM_EventsUITests.swift in Sources */,
			);
			runOnlyForDeploymentPostprocessing = 0;
		};
/* End PBXSourcesBuildPhase section */

/* Begin PBXTargetDependency section */
		8C155C2D23EC6F5100404AAE /* PBXTargetDependency */ = {
			isa = PBXTargetDependency;
			target = 8C155C1323EC6F4F00404AAE /* NIBM Events */;
			targetProxy = 8C155C2C23EC6F5100404AAE /* PBXContainerItemProxy */;
		};
		8C155C3823EC6F5100404AAE /* PBXTargetDependency */ = {
			isa = PBXTargetDependency;
			target = 8C155C1323EC6F4F00404AAE /* NIBM Events */;
			targetProxy = 8C155C3723EC6F5100404AAE /* PBXContainerItemProxy */;
		};
/* End PBXTargetDependency section */

/* Begin PBXVariantGroup section */
		8C155C1B23EC6F4F00404AAE /* Main.storyboard */ = {
			isa = PBXVariantGroup;
			children = (
				8C155C1C23EC6F4F00404AAE /* Base */,
			);
			name = Main.storyboard;
			sourceTree = "<group>";
		};
		8C155C2323EC6F5100404AAE /* LaunchScreen.storyboard */ = {
			isa = PBXVariantGroup;
			children = (
				8C155C2423EC6F5100404AAE /* Base */,
			);
			name = LaunchScreen.storyboard;
			sourceTree = "<group>";
		};
/* End PBXVariantGroup section */

/* Begin XCBuildConfiguration section */
		8C155C3D23EC6F5100404AAE /* Debug */ = {
			isa = XCBuildConfiguration;
			buildSettings = {
				ALWAYS_SEARCH_USER_PATHS = NO;
				CLANG_ANALYZER_NONNULL = YES;
				CLANG_ANALYZER_NUMBER_OBJECT_CONVERSION = YES_AGGRESSIVE;
				CLANG_CXX_LANGUAGE_STANDARD = "gnu++14";
				CLANG_CXX_LIBRARY = "libc++";
				CLANG_ENABLE_MODULES = YES;
				CLANG_ENABLE_OBJC_ARC = YES;
				CLANG_ENABLE_OBJC_WEAK = YES;
				CLANG_WARN_BLOCK_CAPTURE_AUTORELEASING = YES;
				CLANG_WARN_BOOL_CONVERSION = YES;
				CLANG_WARN_COMMA = YES;
				CLANG_WARN_CONSTANT_CONVERSION = YES;
				CLANG_WARN_DEPRECATED_OBJC_IMPLEMENTATIONS = YES;
				CLANG_WARN_DIRECT_OBJC_ISA_USAGE = YES_ERROR;
				CLANG_WARN_DOCUMENTATION_COMMENTS = YES;
				CLANG_WARN_EMPTY_BODY = YES;
				CLANG_WARN_ENUM_CONVERSION = YES;
				CLANG_WARN_INFINITE_RECURSION = YES;
				CLANG_WARN_INT_CONVERSION = YES;
				CLANG_WARN_NON_LITERAL_NULL_CONVERSION = YES;
				CLANG_WARN_OBJC_IMPLICIT_RETAIN_SELF = YES;
				CLANG_WARN_OBJC_LITERAL_CONVERSION = YES;
				CLANG_WARN_OBJC_ROOT_CLASS = YES_ERROR;
				CLANG_WARN_RANGE_LOOP_ANALYSIS = YES;
				CLANG_WARN_STRICT_PROTOTYPES = YES;
				CLANG_WARN_SUSPICIOUS_MOVE = YES;
				CLANG_WARN_UNGUARDED_AVAILABILITY = YES_AGGRESSIVE;
				CLANG_WARN_UNREACHABLE_CODE = YES;
				CLANG_WARN__DUPLICATE_METHOD_MATCH = YES;
				CODE_SIGN_IDENTITY = "iPhone Developer";
				COPY_PHASE_STRIP = NO;
				DEBUG_INFORMATION_FORMAT = dwarf;
				ENABLE_STRICT_OBJC_MSGSEND = YES;
				ENABLE_TESTABILITY = YES;
				GCC_C_LANGUAGE_STANDARD = gnu11;
				GCC_DYNAMIC_NO_PIC = NO;
				GCC_NO_COMMON_BLOCKS = YES;
				GCC_OPTIMIZATION_LEVEL = 0;
				GCC_PREPROCESSOR_DEFINITIONS = (
					"DEBUG=1",
					"$(inherited)",
				);
				GCC_WARN_64_TO_32_BIT_CONVERSION = YES;
				GCC_WARN_ABOUT_RETURN_TYPE = YES_ERROR;
				GCC_WARN_UNDECLARED_SELECTOR = YES;
				GCC_WARN_UNINITIALIZED_AUTOS = YES_AGGRESSIVE;
				GCC_WARN_UNUSED_FUNCTION = YES;
				GCC_WARN_UNUSED_VARIABLE = YES;
				IPHONEOS_DEPLOYMENT_TARGET = 12.4;
				MTL_ENABLE_DEBUG_INFO = INCLUDE_SOURCE;
				MTL_FAST_MATH = YES;
				ONLY_ACTIVE_ARCH = YES;
				SDKROOT = iphoneos;
				SWIFT_ACTIVE_COMPILATION_CONDITIONS = DEBUG;
				SWIFT_OPTIMIZATION_LEVEL = "-Onone";
			};
			name = Debug;
		};
		8C155C3E23EC6F5100404AAE /* Release */ = {
			isa = XCBuildConfiguration;
			buildSettings = {
				ALWAYS_SEARCH_USER_PATHS = NO;
				CLANG_ANALYZER_NONNULL = YES;
				CLANG_ANALYZER_NUMBER_OBJECT_CONVERSION = YES_AGGRESSIVE;
				CLANG_CXX_LANGUAGE_STANDARD = "gnu++14";
				CLANG_CXX_LIBRARY = "libc++";
				CLANG_ENABLE_MODULES = YES;
				CLANG_ENABLE_OBJC_ARC = YES;
				CLANG_ENABLE_OBJC_WEAK = YES;
				CLANG_WARN_BLOCK_CAPTURE_AUTORELEASING = YES;
				CLANG_WARN_BOOL_CONVERSION = YES;
				CLANG_WARN_COMMA = YES;
				CLANG_WARN_CONSTANT_CONVERSION = YES;
				CLANG_WARN_DEPRECATED_OBJC_IMPLEMENTATIONS = YES;
				CLANG_WARN_DIRECT_OBJC_ISA_USAGE = YES_ERROR;
				CLANG_WARN_DOCUMENTATION_COMMENTS = YES;
				CLANG_WARN_EMPTY_BODY = YES;
				CLANG_WARN_ENUM_CONVERSION = YES;
				CLANG_WARN_INFINITE_RECURSION = YES;
				CLANG_WARN_INT_CONVERSION = YES;
				CLANG_WARN_NON_LITERAL_NULL_CONVERSION = YES;
				CLANG_WARN_OBJC_IMPLICIT_RETAIN_SELF = YES;
				CLANG_WARN_OBJC_LITERAL_CONVERSION = YES;
				CLANG_WARN_OBJC_ROOT_CLASS = YES_ERROR;
				CLANG_WARN_RANGE_LOOP_ANALYSIS = YES;
				CLANG_WARN_STRICT_PROTOTYPES = YES;
				CLANG_WARN_SUSPICIOUS_MOVE = YES;
				CLANG_WARN_UNGUARDED_AVAILABILITY = YES_AGGRESSIVE;
				CLANG_WARN_UNREACHABLE_CODE = YES;
				CLANG_WARN__DUPLICATE_METHOD_MATCH = YES;
				CODE_SIGN_IDENTITY = "iPhone Developer";
				COPY_PHASE_STRIP = NO;
				DEBUG_INFORMATION_FORMAT = "dwarf-with-dsym";
				ENABLE_NS_ASSERTIONS = NO;
				ENABLE_STRICT_OBJC_MSGSEND = YES;
				GCC_C_LANGUAGE_STANDARD = gnu11;
				GCC_NO_COMMON_BLOCKS = YES;
				GCC_WARN_64_TO_32_BIT_CONVERSION = YES;
				GCC_WARN_ABOUT_RETURN_TYPE = YES_ERROR;
				GCC_WARN_UNDECLARED_SELECTOR = YES;
				GCC_WARN_UNINITIALIZED_AUTOS = YES_AGGRESSIVE;
				GCC_WARN_UNUSED_FUNCTION = YES;
				GCC_WARN_UNUSED_VARIABLE = YES;
				IPHONEOS_DEPLOYMENT_TARGET = 12.4;
				MTL_ENABLE_DEBUG_INFO = NO;
				MTL_FAST_MATH = YES;
				SDKROOT = iphoneos;
				SWIFT_COMPILATION_MODE = wholemodule;
				SWIFT_OPTIMIZATION_LEVEL = "-O";
				VALIDATE_PRODUCT = YES;
			};
			name = Release;
		};
		8C155C4023EC6F5100404AAE /* Debug */ = {
			isa = XCBuildConfiguration;
			buildSettings = {
				ASSETCATALOG_COMPILER_APPICON_NAME = AppIcon;
				CODE_SIGN_STYLE = Automatic;
				INFOPLIST_FILE = "NIBM Events/Info.plist";
				LD_RUNPATH_SEARCH_PATHS = (
					"$(inherited)",
					"@executable_path/Frameworks",
				);
				PRODUCT_BUNDLE_IDENTIFIER = "com.eventApp.NIBM-Events";
				PRODUCT_NAME = "$(TARGET_NAME)";
				SWIFT_VERSION = 5.0;
				TARGETED_DEVICE_FAMILY = "1,2";
			};
			name = Debug;
		};
		8C155C4123EC6F5100404AAE /* Release */ = {
			isa = XCBuildConfiguration;
			buildSettings = {
				ASSETCATALOG_COMPILER_APPICON_NAME = AppIcon;
				CODE_SIGN_STYLE = Automatic;
				INFOPLIST_FILE = "NIBM Events/Info.plist";
				LD_RUNPATH_SEARCH_PATHS = (
					"$(inherited)",
					"@executable_path/Frameworks",
				);
				PRODUCT_BUNDLE_IDENTIFIER = "com.eventApp.NIBM-Events";
				PRODUCT_NAME = "$(TARGET_NAME)";
				SWIFT_VERSION = 5.0;
				TARGETED_DEVICE_FAMILY = "1,2";
			};
			name = Release;
		};
		8C155C4323EC6F5100404AAE /* Debug */ = {
			isa = XCBuildConfiguration;
			buildSettings = {
				ALWAYS_EMBED_SWIFT_STANDARD_LIBRARIES = YES;
				BUNDLE_LOADER = "$(TEST_HOST)";
				CODE_SIGN_STYLE = Automatic;
				INFOPLIST_FILE = "NIBM EventsTests/Info.plist";
				LD_RUNPATH_SEARCH_PATHS = (
					"$(inherited)",
					"@executable_path/Frameworks",
					"@loader_path/Frameworks",
				);
				PRODUCT_BUNDLE_IDENTIFIER = "com.eventApp.NIBM-EventsTests";
				PRODUCT_NAME = "$(TARGET_NAME)";
				SWIFT_VERSION = 5.0;
				TARGETED_DEVICE_FAMILY = "1,2";
				TEST_HOST = "$(BUILT_PRODUCTS_DIR)/NIBM Events.app/NIBM Events";
			};
			name = Debug;
		};
		8C155C4423EC6F5100404AAE /* Release */ = {
			isa = XCBuildConfiguration;
			buildSettings = {
				ALWAYS_EMBED_SWIFT_STANDARD_LIBRARIES = YES;
				BUNDLE_LOADER = "$(TEST_HOST)";
				CODE_SIGN_STYLE = Automatic;
				INFOPLIST_FILE = "NIBM EventsTests/Info.plist";
				LD_RUNPATH_SEARCH_PATHS = (
					"$(inherited)",
					"@executable_path/Frameworks",
					"@loader_path/Frameworks",
				);
				PRODUCT_BUNDLE_IDENTIFIER = "com.eventApp.NIBM-EventsTests";
				PRODUCT_NAME = "$(TARGET_NAME)";
				SWIFT_VERSION = 5.0;
				TARGETED_DEVICE_FAMILY = "1,2";
				TEST_HOST = "$(BUILT_PRODUCTS_DIR)/NIBM Events.app/NIBM Events";
			};
			name = Release;
		};
		8C155C4623EC6F5100404AAE /* Debug */ = {
			isa = XCBuildConfiguration;
			buildSettings = {
				ALWAYS_EMBED_SWIFT_STANDARD_LIBRARIES = YES;
				CODE_SIGN_STYLE = Automatic;
				INFOPLIST_FILE = "NIBM EventsUITests/Info.plist";
				LD_RUNPATH_SEARCH_PATHS = (
					"$(inherited)",
					"@executable_path/Frameworks",
					"@loader_path/Frameworks",
				);
				PRODUCT_BUNDLE_IDENTIFIER = "com.eventApp.NIBM-EventsUITests";
				PRODUCT_NAME = "$(TARGET_NAME)";
				SWIFT_VERSION = 5.0;
				TARGETED_DEVICE_FAMILY = "1,2";
				TEST_TARGET_NAME = "NIBM Events";
			};
			name = Debug;
		};
		8C155C4723EC6F5100404AAE /* Release */ = {
			isa = XCBuildConfiguration;
			buildSettings = {
				ALWAYS_EMBED_SWIFT_STANDARD_LIBRARIES = YES;
				CODE_SIGN_STYLE = Automatic;
				INFOPLIST_FILE = "NIBM EventsUITests/Info.plist";
				LD_RUNPATH_SEARCH_PATHS = (
					"$(inherited)",
					"@executable_path/Frameworks",
					"@loader_path/Frameworks",
				);
				PRODUCT_BUNDLE_IDENTIFIER = "com.eventApp.NIBM-EventsUITests";
				PRODUCT_NAME = "$(TARGET_NAME)";
				SWIFT_VERSION = 5.0;
				TARGETED_DEVICE_FAMILY = "1,2";
				TEST_TARGET_NAME = "NIBM Events";
			};
			name = Release;
		};
/* End XCBuildConfiguration section */

/* Begin XCConfigurationList section */
		8C155C0F23EC6F4F00404AAE /* Build configuration list for PBXProject "NIBM Events" */ = {
			isa = XCConfigurationList;
			buildConfigurations = (
				8C155C3D23EC6F5100404AAE /* Debug */,
				8C155C3E23EC6F5100404AAE /* Release */,
			);
			defaultConfigurationIsVisible = 0;
			defaultConfigurationName = Release;
		};
		8C155C3F23EC6F5100404AAE /* Build configuration list for PBXNativeTarget "NIBM Events" */ = {
			isa = XCConfigurationList;
			buildConfigurations = (
				8C155C4023EC6F5100404AAE /* Debug */,
				8C155C4123EC6F5100404AAE /* Release */,
			);
			defaultConfigurationIsVisible = 0;
			defaultConfigurationName = Release;
		};
		8C155C4223EC6F5100404AAE /* Build configuration list for PBXNativeTarget "NIBM EventsTests" */ = {
			isa = XCConfigurationList;
			buildConfigurations = (
				8C155C4323EC6F5100404AAE /* Debug */,
				8C155C4423EC6F5100404AAE /* Release */,
			);
			defaultConfigurationIsVisible = 0;
			defaultConfigurationName = Release;
		};
		8C155C4523EC6F5100404AAE /* Build configuration list for PBXNativeTarget "NIBM EventsUITests" */ = {
			isa = XCConfigurationList;
			buildConfigurations = (
				8C155C4623EC6F5100404AAE /* Debug */,
				8C155C4723EC6F5100404AAE /* Release */,
			);
			defaultConfigurationIsVisible = 0;
			defaultConfigurationName = Release;
		};
/* End XCConfigurationList section */

/* Begin XCVersionGroup section */
		8C155C1E23EC6F4F00404AAE /* NIBM_Events.xcdatamodeld */ = {
			isa = XCVersionGroup;
			children = (
				8C155C1F23EC6F4F00404AAE /* NIBM_Events.xcdatamodel */,
			);
			currentVersion = 8C155C1F23EC6F4F00404AAE /* NIBM_Events.xcdatamodel */;
			path = NIBM_Events.xcdatamodeld;
			sourceTree = "<group>";
			versionGroupType = wrapper.xcdatamodel;
		};
/* End XCVersionGroup section */
	};
	rootObject = 8C155C0C23EC6F4F00404AAE /* Project object */;
}
